
Microsoft Visual Studio Solution File, Format Version 12.00
# Visual Studio Version 17
VisualStudioVersion = 17.7.34221.43
MinimumVisualStudioVersion = 10.0.40219.1
Project("{9A19103F-16F7-4668-BE54-9A1E7A4F7556}") = "api_web_servicio_bus", "api_web_servicio_bus\api_web_servicio_bus.csproj", "{B6D369C1-B041-4177-B950-78FFD9EA8510}"
EndProject
Project("{FAE04EC0-301F-11D3-BF4B-00C04F79EFBC}") = "WebPages", "WebPagesAPI\WebPages\WebPages.csproj", "{F4990CCB-4E7E-436C-B2F1-DA9023A73D95}"
EndProject
Global
	GlobalSection(SolutionConfigurationPlatforms) = preSolution
		Debug|Any CPU = Debug|Any CPU
		Release|Any CPU = Release|Any CPU
	EndGlobalSection
	GlobalSection(ProjectConfigurationPlatforms) = postSolution
		{B6D369C1-B041-4177-B950-78FFD9EA8510}.Debug|Any CPU.ActiveCfg = Debug|Any CPU
		{B6D369C1-B041-4177-B950-78FFD9EA8510}.Debug|Any CPU.Build.0 = Debug|Any CPU
		{B6D369C1-B041-4177-B950-78FFD9EA8510}.Release|Any CPU.ActiveCfg = Release|Any CPU
		{B6D369C1-B041-4177-B950-78FFD9EA8510}.Release|Any CPU.Build.0 = Release|Any CPU
		{F4990CCB-4E7E-436C-B2F1-DA9023A73D95}.Debug|Any CPU.ActiveCfg = Debug|Any CPU
		{F4990CCB-4E7E-436C-B2F1-DA9023A73D95}.Debug|Any CPU.Build.0 = Debug|Any CPU
		{F4990CCB-4E7E-436C-B2F1-DA9023A73D95}.Release|Any CPU.ActiveCfg = Release|Any CPU
		{F4990CCB-4E7E-436C-B2F1-DA9023A73D95}.Release|Any CPU.Build.0 = Release|Any CPU
	EndGlobalSection
	GlobalSection(SolutionProperties) = preSolution
		HideSolutionNode = FALSE
	EndGlobalSection
	GlobalSection(ExtensibilityGlobals) = postSolution
		SolutionGuid = {90BF5F67-B250-43FB-9638-2E2405532275}
	EndGlobalSection
EndGlobal
